
Microsoft Visual Studio Solution File, Format Version 12.00
# Visual Studio Version 17
VisualStudioVersion = 17.0.31903.59
MinimumVisualStudioVersion = 10.0.40219.1
Project("{FAE04EC0-301F-11D3-BF4B-00C04F79EFBC}") = "AzureDevOpsDemo.API", "AzureDevOpsDemo.API\AzureDevOpsDemo.API.csproj", "{34B12B53-635D-4008-942C-0D929AFF59C5}"
EndProject
Project("{FAE04EC0-301F-11D3-BF4B-00C04F79EFBC}") = "AzureDevOpsDemo.Tests", "AzureDevOpsDemo.Tests\AzureDevOpsDemo.Tests.csproj", "{7B947DCF-E56A-44F6-99DB-BEDE0A7178CF}"
EndProject
Global
	GlobalSection(SolutionConfigurationPlatforms) = preSolution
		Debug|Any CPU = Debug|Any CPU
		Release|Any CPU = Release|Any CPU
	EndGlobalSection
	GlobalSection(SolutionProperties) = preSolution
		HideSolutionNode = FALSE
	EndGlobalSection
	GlobalSection(ProjectConfigurationPlatforms) = postSolution
		{34B12B53-635D-4008-942C-0D929AFF59C5}.Debug|Any CPU.ActiveCfg = Debug|Any CPU
		{34B12B53-635D-4008-942C-0D929AFF59C5}.Debug|Any CPU.Build.0 = Debug|Any CPU
		{34B12B53-635D-4008-942C-0D929AFF59C5}.Release|Any CPU.ActiveCfg = Release|Any CPU
		{34B12B53-635D-4008-942C-0D929AFF59C5}.Release|Any CPU.Build.0 = Release|Any CPU
		{7B947DCF-E56A-44F6-99DB-BEDE0A7178CF}.Debug|Any CPU.ActiveCfg = Debug|Any CPU
		{7B947DCF-E56A-44F6-99DB-BEDE0A7178CF}.Debug|Any CPU.Build.0 = Debug|Any CPU
		{7B947DCF-E56A-44F6-99DB-BEDE0A7178CF}.Release|Any CPU.ActiveCfg = Release|Any CPU
		{7B947DCF-E56A-44F6-99DB-BEDE0A7178CF}.Release|Any CPU.Build.0 = Release|Any CPU
	EndGlobalSection
EndGlobal
